<?xml version="1.0" encoding="utf-8"?>
<Project ToolsVersion="4.0" xmlns="http://schemas.microsoft.com/developer/msbuild/2003">
  <ItemGroup>
    <Filter Include="Source Files">
      <UniqueIdentifier>{4FC737F1-C7A5-4376-A066-2A32D752A2FF}</UniqueIdentifier>
      <Extensions>cpp;c;cc;cxx;def;odl;idl;hpj;bat;asm;asmx</Extensions>
    </Filter>
    <Filter Include="Header Files">
      <UniqueIdentifier>{93995380-89BD-4b04-88EB-625FBE52EBFB}</UniqueIdentifier>
      <Extensions>h;hh;hpp;hxx;hm;inl;inc;xsd</Extensions>
    </Filter>
    <Filter Include="Resource Files">
      <UniqueIdentifier>{67DA6AB6-F800-4c08-8B7A-83BB121AAD01}</UniqueIdentifier>
      <Extensions>rc;ico;cur;bmp;dlg;rc2;rct;bin;rgs;gif;jpg;jpeg;jpe;resx;tiff;tif;png;wav;mfcribbon-ms</Extensions>
    </Filter>
    <Filter Include="Header Files\DBA">
      <UniqueIdentifier>{b335846e-189c-4764-b640-849bb537e9a8}</UniqueIdentifier>
    </Filter>
  </ItemGroup>
  <ItemGroup>
    <ClInclude Include="stdafx.h">
      <Filter>Header Files</Filter>
    </ClInclude>
    <ClInclude Include="targetver.h">
      <Filter>Header Files</Filter>
    </ClInclude>
    <ClInclude Include="BOQME.h">
      <Filter>Header Files</Filter>
    </ClInclude>
    <ClInclude Include="QmePlugin.h">
      <Filter>Header Files</Filter>
    </ClInclude>
    <ClInclude Include="resource.h">
      <Filter>Header Files</Filter>
    </ClInclude>
    <ClInclude Include="DBA\DBAAccounts.h">
      <Filter>Header Files\DBA</Filter>
    </ClInclude>
    <ClInclude Include="DBA\DBACalendars.h">
      <Filter>Header Files\DBA</Filter>
    </ClInclude>
    <ClInclude Include="DBA\DBAClasses.h">
      <Filter>Header Files\DBA</Filter>
    </ClInclude>
    <ClInclude Include="DBA\DBAClients.h">
      <Filter>Header Files\DBA</Filter>
    </ClInclude>
    <ClInclude Include="DBA\DBADates.h">
      <Filter>Header Files\DBA</Filter>
    </ClInclude>
    <ClInclude Include="DBA\DBAFirms.h">
      <Filter>Header Files\DBA</Filter>
    </ClInclude>
    <ClInclude Include="DBA\DBAGroups.h">
      <Filter>Header Files\DBA</Filter>
    </ClInclude>
    <ClInclude Include="DBA\DBASchedule.h">
      <Filter>Header Files\DBA</Filter>
    </ClInclude>
    <ClInclude Include="DBA\DBASecurities.h">
      <Filter>Header Files\DBA</Filter>
    </ClInclude>
    <ClInclude Include="DBA\DBASettleCodes.h">
      <Filter>Header Files\DBA</Filter>
    </ClInclude>
    <ClInclude Include="DBA\DBATags.h">
      <Filter>Header Files\DBA</Filter>
    </ClInclude>
    <ClInclude Include="DBA\DBATradeParams.h">
      <Filter>Header Files\DBA</Filter>
    </ClInclude>
    <ClInclude Include="..\Shared\Version.h">
      <Filter>Resource Files</Filter>
    </ClInclude>
    <ClInclude Include="DBA\DBACurrency.h">
      <Filter>Header Files\DBA</Filter>
    </ClInclude>
    <ClInclude Include="DBA\DBACoupon.h">
      <Filter>Header Files\DBA</Filter>
    </ClInclude>
    <ClInclude Include="DBA\DBAExtraClassParam.h">
      <Filter>Header Files\DBA</Filter>
    </ClInclude>
    <ClInclude Include="DBA\DBAPerson.h">
      <Filter>Header Files\DBA</Filter>
    </ClInclude>
    <ClInclude Include="QmePluginTemplate.h">
      <Filter>Header Files</Filter>
    </ClInclude>
    <ClInclude Include="DBA\DBAMarkets.h">
      <Filter>Header Files\DBA</Filter>
    </ClInclude>
    <ClInclude Include="DBA\DBAAuctions.h">
      <Filter>Header Files\DBA</Filter>
    </ClInclude>
  </ItemGroup>
  <ItemGroup>
    <ClCompile Include="stdafx.cpp">
      <Filter>Source Files</Filter>
    </ClCompile>
    <ClCompile Include="BOQME.cpp">
      <Filter>Source Files</Filter>
    </ClCompile>
    <ClCompile Include="dllmain.cpp">
      <Filter>Source Files</Filter>
    </ClCompile>
    <ClCompile Include="QmePlugin.cpp">
      <Filter>Source Files</Filter>
    </ClCompile>
  </ItemGroup>
  <ItemGroup>
    <None Include="boqme.def">
      <Filter>Source Files</Filter>
    </None>
  </ItemGroup>
  <ItemGroup>
    <ResourceCompile Include="..\Shared\Version.rc">
      <Filter>Resource Files</Filter>
    </ResourceCompile>
  </ItemGroup>
</Project>